{
  "version": 4,
  "terraform_version": "1.5.6",
  "serial": 55,
  "lineage": "818e0726-5c41-06fd-3d2c-1f061d11696c",
  "outputs": {},
  "resources": [
    {
      "mode": "managed",
      "type": "aws_eip",
      "name": "madhu_eip",
      "provider": "provider[\"registry.terraform.io/hashicorp/aws\"]",
      "instances": [
        {
          "schema_version": 0,
          "attributes": {
            "address": null,
            "allocation_id": "eipalloc-035758cc9054fd0a4",
            "associate_with_private_ip": null,
            "association_id": "",
            "carrier_ip": "",
            "customer_owned_ip": "",
            "customer_owned_ipv4_pool": "",
            "domain": "vpc",
            "id": "eipalloc-035758cc9054fd0a4",
            "instance": "",
            "network_border_group": "us-east-1",
            "network_interface": "",
            "private_dns": null,
            "private_ip": "",
            "public_dns": "ec2-52-20-137-59.compute-1.amazonaws.com",
            "public_ip": "52.20.137.59",
            "public_ipv4_pool": "amazon",
            "tags": null,
            "tags_all": {},
            "timeouts": null,
            "vpc": true
          },
          "sensitive_attributes": [],
          "private": "eyJlMmJmYjczMC1lY2FhLTExZTYtOGY4OC0zNDM2M2JjN2M0YzAiOnsiZGVsZXRlIjoxODAwMDAwMDAwMDAsInJlYWQiOjkwMDAwMDAwMDAwMCwidXBkYXRlIjozMDAwMDAwMDAwMDB9fQ=="
        }
      ]
    },
    {
      "mode": "managed",
      "type": "aws_elb",
      "name": "madhu_elb",
      "provider": "provider[\"registry.terraform.io/hashicorp/aws\"]",
      "instances": []
    },
    {
      "mode": "managed",
      "type": "aws_instance",
      "name": "web_server1",
      "provider": "provider[\"registry.terraform.io/hashicorp/aws\"]",
      "instances": [
        {
          "schema_version": 1,
          "attributes": {
            "ami": "ami-0ef493d4267500ef3",
            "arn": "arn:aws:ec2:us-east-1:744130429891:instance/i-03db928e4728ccea0",
            "associate_public_ip_address": false,
            "availability_zone": "us-east-1e",
            "capacity_reservation_specification": [
              {
                "capacity_reservation_preference": "open",
                "capacity_reservation_target": []
              }
            ],
            "cpu_core_count": 1,
            "cpu_options": [
              {
                "amd_sev_snp": "",
                "core_count": 1,
                "threads_per_core": 1
              }
            ],
            "cpu_threads_per_core": 1,
            "credit_specification": [
              {
                "cpu_credits": "standard"
              }
            ],
            "disable_api_stop": false,
            "disable_api_termination": false,
            "ebs_block_device": [],
            "ebs_optimized": false,
            "enclave_options": [
              {
                "enabled": false
              }
            ],
            "ephemeral_block_device": [],
            "get_password_data": false,
            "hibernation": false,
            "host_id": "",
            "host_resource_group_arn": null,
            "iam_instance_profile": "",
            "id": "i-03db928e4728ccea0",
            "instance_initiated_shutdown_behavior": "stop",
            "instance_lifecycle": "",
            "instance_market_options": [],
            "instance_state": "running",
            "instance_type": "t2.micro",
            "ipv6_address_count": 0,
            "ipv6_addresses": [],
            "key_name": "terraform1_key",
            "launch_template": [],
            "maintenance_options": [
              {
                "auto_recovery": "default"
              }
            ],
            "metadata_options": [
              {
                "http_endpoint": "enabled",
                "http_protocol_ipv6": "disabled",
                "http_put_response_hop_limit": 1,
                "http_tokens": "optional",
                "instance_metadata_tags": "disabled"
              }
            ],
            "monitoring": false,
            "network_interface": [],
            "outpost_arn": "",
            "password_data": "",
            "placement_group": "",
            "placement_partition_number": 0,
            "primary_network_interface_id": "eni-0075a1de002da9a6a",
            "private_dns": "ip-192-168-1-155.ec2.internal",
            "private_dns_name_options": [
              {
                "enable_resource_name_dns_a_record": false,
                "enable_resource_name_dns_aaaa_record": false,
                "hostname_type": "ip-name"
              }
            ],
            "private_ip": "192.168.1.155",
            "public_dns": "",
            "public_ip": "",
            "root_block_device": [
              {
                "delete_on_termination": true,
                "device_name": "/dev/sda1",
                "encrypted": false,
                "iops": 100,
                "kms_key_id": "",
                "tags": {},
                "throughput": 0,
                "volume_id": "vol-09ce41f5a0b823599",
                "volume_size": 8,
                "volume_type": "gp2"
              }
            ],
            "secondary_private_ips": [],
            "security_groups": [
              "sg-078656442c3eb4076"
            ],
            "source_dest_check": true,
            "spot_instance_request_id": "",
            "subnet_id": "subnet-0144b0bce950e2ea3",
            "tags": {
              "Name": "webserver-private"
            },
            "tags_all": {
              "Name": "webserver-private"
            },
            "tenancy": "default",
            "timeouts": null,
            "user_data": null,
            "user_data_base64": null,
            "user_data_replace_on_change": false,
            "volume_tags": null,
            "vpc_security_group_ids": [
              "sg-078656442c3eb4076"
            ]
          },
          "sensitive_attributes": [],
          "private": "eyJlMmJmYjczMC1lY2FhLTExZTYtOGY4OC0zNDM2M2JjN2M0YzAiOnsiY3JlYXRlIjo2MDAwMDAwMDAwMDAsImRlbGV0ZSI6MTIwMDAwMDAwMDAwMCwidXBkYXRlIjo2MDAwMDAwMDAwMDB9LCJzY2hlbWFfdmVyc2lvbiI6IjEifQ==",
          "dependencies": [
            "aws_security_group.madhu_sg",
            "aws_subnet.madhu_subnet3",
            "aws_vpc.madhu_vpc"
          ]
        }
      ]
    },
    {
      "mode": "managed",
      "type": "aws_internet_gateway",
      "name": "madhu_igw",
      "provider": "provider[\"registry.terraform.io/hashicorp/aws\"]",
      "instances": [
        {
          "schema_version": 0,
          "attributes": {
            "arn": "arn:aws:ec2:us-east-1:744130429891:internet-gateway/igw-06ee5ff36702242aa",
            "id": "igw-06ee5ff36702242aa",
            "owner_id": "744130429891",
            "tags": {
              "Name": "Terr-igw"
            },
            "tags_all": {
              "Name": "Terr-igw"
            },
            "timeouts": null,
            "vpc_id": "vpc-0b02c59e1260c64de"
          },
          "sensitive_attributes": [],
          "private": "eyJlMmJmYjczMC1lY2FhLTExZTYtOGY4OC0zNDM2M2JjN2M0YzAiOnsiY3JlYXRlIjoxMjAwMDAwMDAwMDAwLCJkZWxldGUiOjEyMDAwMDAwMDAwMDAsInVwZGF0ZSI6MTIwMDAwMDAwMDAwMH19",
          "dependencies": [
            "aws_vpc.madhu_vpc"
          ]
        }
      ]
    },
    {
      "mode": "managed",
      "type": "aws_key_pair",
      "name": "terraform1_key",
      "provider": "provider[\"registry.terraform.io/hashicorp/aws\"]",
      "instances": [
        {
          "schema_version": 1,
          "attributes": {
            "arn": "arn:aws:ec2:us-east-1:744130429891:key-pair/terraform1_key",
            "fingerprint": "f7:84:33:03:e0:03:5f:63:2e:f6:27:87:f4:81:c2:ce",
            "id": "terraform1_key",
            "key_name": "terraform1_key",
            "key_name_prefix": "",
            "key_pair_id": "key-0ab7e868894281657",
            "key_type": "rsa",
            "public_key": "ssh-rsa AAAAB3NzaC1yc2EAAAADAQABAAACAQC+8xyug0L5C/I3l5+uKnmo29uZa4qyQjk4/SvtbI5/2rS4aLQporV+INlDQzb2egusUxeLOo+8Q4uf1YnOS1OWkGI1HB248kK87k4Y3hTUBlbDRAJIm4P8nX5BVzRwC/gYeVSTksll6KigfK+PaLF83bZ5+03G+zxUtH9qd9KZFteEZoao692v60ckYZZSFSfTeUCIHAqZ5CXFFRZ+O0KrkLetjkMLW1vqYhuqxPNsdzPnB9HvrD7fOe9lpuRqL6lQOiNzH3YXtlif21VtL7INDHyIen3e++lCc4DNChHAVr61Tb3UZRu1iLPMxWFU6To4dInxpdXwaEisqyw2ShxP52J69nucchrBQu3BKN287tKxqvplqtQnSPc2/kJC1Sv/fdggqXAn1ZLR2J8ipWshLcwRl6b5tpbCc52yGSx/S1w0vuntrZJ9b5XbHnALnHNR1AofikT5h1cEwJLSwo4xbZJgT58qmcrcnmPLZkVfnXycV/Zdv8IP1srRU31eWT0mcB4hY5SHnr+TwpNyE4BFNX+LQV3FE86Yosc7waB9YkS8m5sdnga92P/st+/yhxOFvibQQ1Oezmdw7ptBcSlvMOCbaTMejaFwAD+jmjcE0JlNbJloJKaoD2AbKr6PHrrr2NWHkNAesSvTAD0BWHYXmy7eA97Sso63cEDJi++ASQ==",
            "tags": null,
            "tags_all": {}
          },
          "sensitive_attributes": [],
          "private": "eyJzY2hlbWFfdmVyc2lvbiI6IjEifQ==",
          "dependencies": [
            "tls_private_key.rsa"
          ]
        }
      ]
    },
    {
      "mode": "managed",
      "type": "aws_launch_template",
      "name": "madhu_launch_template",
      "provider": "provider[\"registry.terraform.io/hashicorp/aws\"]",
      "instances": [
        {
          "schema_version": 0,
          "attributes": {
            "arn": "arn:aws:ec2:us-east-1:744130429891:launch-template/lt-0820c54337916d4ef",
            "block_device_mappings": [],
            "capacity_reservation_specification": [],
            "cpu_options": [],
            "credit_specification": [],
            "default_version": 1,
            "description": "",
            "disable_api_stop": false,
            "disable_api_termination": false,
            "ebs_optimized": "",
            "elastic_gpu_specifications": [],
            "elastic_inference_accelerator": [],
            "enclave_options": [],
            "hibernation_options": [],
            "iam_instance_profile": [],
            "id": "lt-0820c54337916d4ef",
            "image_id": "ami-031e45e6bd1f710c6",
            "instance_initiated_shutdown_behavior": "",
            "instance_market_options": [],
            "instance_requirements": [],
            "instance_type": "t2.micro",
            "kernel_id": "",
            "key_name": "",
            "latest_version": 1,
            "license_specification": [],
            "maintenance_options": [],
            "metadata_options": [],
            "monitoring": [],
            "name": "terr20230914185459372500000001",
            "name_prefix": "terr",
            "network_interfaces": [],
            "placement": [],
            "private_dns_name_options": [],
            "ram_disk_id": "",
            "security_group_names": [],
            "tag_specifications": [],
            "tags": {},
            "tags_all": {},
            "update_default_version": null,
            "user_data": "",
            "vpc_security_group_ids": []
          },
          "sensitive_attributes": [],
          "private": "bnVsbA=="
        }
      ]
    },
    {
      "mode": "managed",
      "type": "aws_lb_target_group",
      "name": "madhu_tg",
      "provider": "provider[\"registry.terraform.io/hashicorp/aws\"]",
      "instances": [
        {
          "schema_version": 0,
          "attributes": {
            "arn": "arn:aws:elasticloadbalancing:us-east-1:744130429891:targetgroup/terr-lb/3cff4d9e78fa446a",
            "arn_suffix": "targetgroup/terr-lb/3cff4d9e78fa446a",
            "connection_termination": false,
            "deregistration_delay": "300",
            "health_check": [
              {
                "enabled": true,
                "healthy_threshold": 5,
                "interval": 30,
                "matcher": "",
                "path": "",
                "port": "traffic-port",
                "protocol": "TCP",
                "timeout": 10,
                "unhealthy_threshold": 2
              }
            ],
            "id": "arn:aws:elasticloadbalancing:us-east-1:744130429891:targetgroup/terr-lb/3cff4d9e78fa446a",
            "ip_address_type": "ipv4",
            "lambda_multi_value_headers_enabled": false,
            "load_balancing_algorithm_type": null,
            "load_balancing_cross_zone_enabled": "use_load_balancer_configuration",
            "name": "terr-lb",
            "name_prefix": null,
            "port": 8080,
            "preserve_client_ip": "true",
            "protocol": "TCP",
            "protocol_version": null,
            "proxy_protocol_v2": false,
            "slow_start": 0,
            "stickiness": [
              {
                "cookie_duration": 0,
                "cookie_name": "",
                "enabled": false,
                "type": "source_ip"
              }
            ],
            "tags": null,
            "tags_all": {},
            "target_failover": [
              {
                "on_deregistration": null,
                "on_unhealthy": null
              }
            ],
            "target_type": "instance",
            "vpc_id": "vpc-0b02c59e1260c64de"
          },
          "sensitive_attributes": [],
          "private": "bnVsbA==",
          "dependencies": [
            "aws_vpc.madhu_vpc"
          ]
        }
      ]
    },
    {
      "mode": "managed",
      "type": "aws_lb_target_group_attachment",
      "name": "lb_attachment1",
      "provider": "provider[\"registry.terraform.io/hashicorp/aws\"]",
      "instances": [
        {
          "schema_version": 0,
          "attributes": {
            "availability_zone": null,
            "id": "arn:aws:elasticloadbalancing:us-east-1:744130429891:targetgroup/terr-lb/3cff4d9e78fa446a-20230915055839978300000005",
            "port": 8080,
            "target_group_arn": "arn:aws:elasticloadbalancing:us-east-1:744130429891:targetgroup/terr-lb/3cff4d9e78fa446a",
            "target_id": "i-03db928e4728ccea0"
          },
          "sensitive_attributes": [],
          "private": "bnVsbA==",
          "dependencies": [
            "aws_instance.web_server1",
            "aws_lb_target_group.madhu_tg",
            "aws_security_group.madhu_sg",
            "aws_subnet.madhu_subnet3",
            "aws_vpc.madhu_vpc"
          ]
        }
      ]
    },
    {
      "mode": "managed",
      "type": "aws_lb_target_group_attachment",
      "name": "lb_attachment2",
      "provider": "provider[\"registry.terraform.io/hashicorp/aws\"]",
      "instances": []
    },
    {
      "mode": "managed",
      "type": "aws_nat_gateway",
      "name": "madhu_nat_gateway",
      "provider": "provider[\"registry.terraform.io/hashicorp/aws\"]",
      "instances": [
        {
          "schema_version": 0,
          "attributes": {
            "allocation_id": "eipalloc-035758cc9054fd0a4",
            "association_id": "eipassoc-00db93f89960daa89",
            "connectivity_type": "public",
            "id": "nat-09ef17c14c96a423a",
            "network_interface_id": "eni-0b17c129d587d6222",
            "private_ip": "192.168.1.61",
            "public_ip": "52.20.137.59",
            "secondary_allocation_ids": null,
            "secondary_private_ip_address_count": 0,
            "secondary_private_ip_addresses": [],
            "subnet_id": "subnet-0de91634bc9a2a727",
            "tags": null,
            "tags_all": {},
            "timeouts": null
          },
          "sensitive_attributes": [],
          "private": "eyJlMmJmYjczMC1lY2FhLTExZTYtOGY4OC0zNDM2M2JjN2M0YzAiOnsiY3JlYXRlIjo2MDAwMDAwMDAwMDAsImRlbGV0ZSI6MTgwMDAwMDAwMDAwMCwidXBkYXRlIjo2MDAwMDAwMDAwMDB9fQ==",
          "dependencies": [
            "aws_eip.madhu_eip",
            "aws_subnet.madhu_subnet1",
            "aws_vpc.madhu_vpc"
          ]
        }
      ]
    },
    {
      "mode": "managed",
      "type": "aws_route",
      "name": "madhu_private_subnet_route",
      "provider": "provider[\"registry.terraform.io/hashicorp/aws\"]",
      "instances": [
        {
          "schema_version": 0,
          "attributes": {
            "carrier_gateway_id": "",
            "core_network_arn": "",
            "destination_cidr_block": "0.0.0.0/0",
            "destination_ipv6_cidr_block": "",
            "destination_prefix_list_id": "",
            "egress_only_gateway_id": "",
            "gateway_id": "",
            "id": "r-rtb-0cd3669d33e6ecc4a1080289494",
            "instance_id": "",
            "instance_owner_id": "",
            "local_gateway_id": "",
            "nat_gateway_id": "nat-09ef17c14c96a423a",
            "network_interface_id": "",
            "origin": "CreateRoute",
            "route_table_id": "rtb-0cd3669d33e6ecc4a",
            "state": "active",
            "timeouts": null,
            "transit_gateway_id": "",
            "vpc_endpoint_id": "",
            "vpc_peering_connection_id": ""
          },
          "sensitive_attributes": [],
          "private": "eyJlMmJmYjczMC1lY2FhLTExZTYtOGY4OC0zNDM2M2JjN2M0YzAiOnsiY3JlYXRlIjozMDAwMDAwMDAwMDAsImRlbGV0ZSI6MzAwMDAwMDAwMDAwLCJ1cGRhdGUiOjEyMDAwMDAwMDAwMH19",
          "dependencies": [
            "aws_eip.madhu_eip",
            "aws_nat_gateway.madhu_nat_gateway",
            "aws_route_table.madhu_rt_private",
            "aws_subnet.madhu_subnet1",
            "aws_vpc.madhu_vpc"
          ]
        }
      ]
    },
    {
      "mode": "managed",
      "type": "aws_route",
      "name": "madhu_route1",
      "provider": "provider[\"registry.terraform.io/hashicorp/aws\"]",
      "instances": [
        {
          "schema_version": 0,
          "attributes": {
            "carrier_gateway_id": "",
            "core_network_arn": "",
            "destination_cidr_block": "0.0.0.0/0",
            "destination_ipv6_cidr_block": "",
            "destination_prefix_list_id": "",
            "egress_only_gateway_id": "",
            "gateway_id": "igw-06ee5ff36702242aa",
            "id": "r-rtb-02d3b1751f15afc021080289494",
            "instance_id": "",
            "instance_owner_id": "",
            "local_gateway_id": "",
            "nat_gateway_id": "",
            "network_interface_id": "",
            "origin": "CreateRoute",
            "route_table_id": "rtb-02d3b1751f15afc02",
            "state": "active",
            "timeouts": null,
            "transit_gateway_id": "",
            "vpc_endpoint_id": "",
            "vpc_peering_connection_id": ""
          },
          "sensitive_attributes": [],
          "private": "eyJlMmJmYjczMC1lY2FhLTExZTYtOGY4OC0zNDM2M2JjN2M0YzAiOnsiY3JlYXRlIjozMDAwMDAwMDAwMDAsImRlbGV0ZSI6MzAwMDAwMDAwMDAwLCJ1cGRhdGUiOjEyMDAwMDAwMDAwMH19",
          "dependencies": [
            "aws_internet_gateway.madhu_igw",
            "aws_route_table.madhu_rt_public",
            "aws_vpc.madhu_vpc"
          ]
        }
      ]
    },
    {
      "mode": "managed",
      "type": "aws_route_table",
      "name": "madhu_rt_private",
      "provider": "provider[\"registry.terraform.io/hashicorp/aws\"]",
      "instances": [
        {
          "schema_version": 0,
          "attributes": {
            "arn": "arn:aws:ec2:us-east-1:744130429891:route-table/rtb-0cd3669d33e6ecc4a",
            "id": "rtb-0cd3669d33e6ecc4a",
            "owner_id": "744130429891",
            "propagating_vgws": [],
            "route": [],
            "tags": {
              "Name": "Terr-rt2"
            },
            "tags_all": {
              "Name": "Terr-rt2"
            },
            "timeouts": null,
            "vpc_id": "vpc-0b02c59e1260c64de"
          },
          "sensitive_attributes": [],
          "private": "eyJlMmJmYjczMC1lY2FhLTExZTYtOGY4OC0zNDM2M2JjN2M0YzAiOnsiY3JlYXRlIjozMDAwMDAwMDAwMDAsImRlbGV0ZSI6MzAwMDAwMDAwMDAwLCJ1cGRhdGUiOjEyMDAwMDAwMDAwMH19",
          "dependencies": [
            "aws_vpc.madhu_vpc"
          ]
        }
      ]
    },
    {
      "mode": "managed",
      "type": "aws_route_table",
      "name": "madhu_rt_public",
      "provider": "provider[\"registry.terraform.io/hashicorp/aws\"]",
      "instances": [
        {
          "schema_version": 0,
          "attributes": {
            "arn": "arn:aws:ec2:us-east-1:744130429891:route-table/rtb-02d3b1751f15afc02",
            "id": "rtb-02d3b1751f15afc02",
            "owner_id": "744130429891",
            "propagating_vgws": [],
            "route": [],
            "tags": {
              "Name": "Terr-rt1"
            },
            "tags_all": {
              "Name": "Terr-rt1"
            },
            "timeouts": null,
            "vpc_id": "vpc-0b02c59e1260c64de"
          },
          "sensitive_attributes": [],
          "private": "eyJlMmJmYjczMC1lY2FhLTExZTYtOGY4OC0zNDM2M2JjN2M0YzAiOnsiY3JlYXRlIjozMDAwMDAwMDAwMDAsImRlbGV0ZSI6MzAwMDAwMDAwMDAwLCJ1cGRhdGUiOjEyMDAwMDAwMDAwMH19",
          "dependencies": [
            "aws_vpc.madhu_vpc"
          ]
        }
      ]
    },
    {
      "mode": "managed",
      "type": "aws_route_table_association",
      "name": "madhu_subnet_rt_association1",
      "provider": "provider[\"registry.terraform.io/hashicorp/aws\"]",
      "instances": [
        {
          "schema_version": 0,
          "attributes": {
            "gateway_id": "",
            "id": "rtbassoc-062b7e60bd48bc3f9",
            "route_table_id": "rtb-02d3b1751f15afc02",
            "subnet_id": "subnet-0de91634bc9a2a727",
            "timeouts": null
          },
          "sensitive_attributes": [],
          "private": "eyJlMmJmYjczMC1lY2FhLTExZTYtOGY4OC0zNDM2M2JjN2M0YzAiOnsiY3JlYXRlIjozMDAwMDAwMDAwMDAsImRlbGV0ZSI6MzAwMDAwMDAwMDAwLCJ1cGRhdGUiOjEyMDAwMDAwMDAwMH19",
          "dependencies": [
            "aws_route_table.madhu_rt_public",
            "aws_subnet.madhu_subnet1",
            "aws_vpc.madhu_vpc"
          ]
        }
      ]
    },
    {
      "mode": "managed",
      "type": "aws_route_table_association",
      "name": "madhu_subnet_rt_association2",
      "provider": "provider[\"registry.terraform.io/hashicorp/aws\"]",
      "instances": [
        {
          "schema_version": 0,
          "attributes": {
            "gateway_id": "",
            "id": "rtbassoc-017a53f00d254519e",
            "route_table_id": "rtb-02d3b1751f15afc02",
            "subnet_id": "subnet-0925459fae4b77649",
            "timeouts": null
          },
          "sensitive_attributes": [],
          "private": "eyJlMmJmYjczMC1lY2FhLTExZTYtOGY4OC0zNDM2M2JjN2M0YzAiOnsiY3JlYXRlIjozMDAwMDAwMDAwMDAsImRlbGV0ZSI6MzAwMDAwMDAwMDAwLCJ1cGRhdGUiOjEyMDAwMDAwMDAwMH19",
          "dependencies": [
            "aws_route_table.madhu_rt_public",
            "aws_subnet.madhu_subnet2",
            "aws_vpc.madhu_vpc"
          ]
        }
      ]
    },
    {
      "mode": "managed",
      "type": "aws_route_table_association",
      "name": "madhu_subnet_rt_association3",
      "provider": "provider[\"registry.terraform.io/hashicorp/aws\"]",
      "instances": [
        {
          "schema_version": 0,
          "attributes": {
            "gateway_id": "",
            "id": "rtbassoc-0a59984884e50b025",
            "route_table_id": "rtb-0cd3669d33e6ecc4a",
            "subnet_id": "subnet-0144b0bce950e2ea3",
            "timeouts": null
          },
          "sensitive_attributes": [],
          "private": "eyJlMmJmYjczMC1lY2FhLTExZTYtOGY4OC0zNDM2M2JjN2M0YzAiOnsiY3JlYXRlIjozMDAwMDAwMDAwMDAsImRlbGV0ZSI6MzAwMDAwMDAwMDAwLCJ1cGRhdGUiOjEyMDAwMDAwMDAwMH19",
          "dependencies": [
            "aws_route_table.madhu_rt_private",
            "aws_subnet.madhu_subnet3",
            "aws_vpc.madhu_vpc"
          ]
        }
      ]
    },
    {
      "mode": "managed",
      "type": "aws_security_group",
      "name": "madhu_sg",
      "provider": "provider[\"registry.terraform.io/hashicorp/aws\"]",
      "instances": [
        {
          "schema_version": 1,
          "attributes": {
            "arn": "arn:aws:ec2:us-east-1:744130429891:security-group/sg-078656442c3eb4076",
            "description": "Managed by Terraform",
            "egress": [
              {
                "cidr_blocks": [
                  "0.0.0.0/0"
                ],
                "description": "",
                "from_port": 0,
                "ipv6_cidr_blocks": [],
                "prefix_list_ids": [],
                "protocol": "-1",
                "security_groups": [],
                "self": false,
                "to_port": 0
              }
            ],
            "id": "sg-078656442c3eb4076",
            "ingress": [
              {
                "cidr_blocks": [
                  "0.0.0.0/0"
                ],
                "description": "",
                "from_port": 22,
                "ipv6_cidr_blocks": [],
                "prefix_list_ids": [],
                "protocol": "tcp",
                "security_groups": [],
                "self": false,
                "to_port": 22
              },
              {
                "cidr_blocks": [
                  "0.0.0.0/0"
                ],
                "description": "",
                "from_port": 443,
                "ipv6_cidr_blocks": [],
                "prefix_list_ids": [],
                "protocol": "tcp",
                "security_groups": [],
                "self": false,
                "to_port": 443
              },
              {
                "cidr_blocks": [
                  "0.0.0.0/0"
                ],
                "description": "",
                "from_port": 8080,
                "ipv6_cidr_blocks": [],
                "prefix_list_ids": [],
                "protocol": "tcp",
                "security_groups": [],
                "self": false,
                "to_port": 8080
              },
              {
                "cidr_blocks": [
                  "0.0.0.0/0"
                ],
                "description": "",
                "from_port": 80,
                "ipv6_cidr_blocks": [],
                "prefix_list_ids": [],
                "protocol": "tcp",
                "security_groups": [],
                "self": false,
                "to_port": 80
              }
            ],
            "name": "terr-securitygroup",
            "name_prefix": "",
            "owner_id": "744130429891",
            "revoke_rules_on_delete": false,
            "tags": null,
            "tags_all": {},
            "timeouts": null,
            "vpc_id": "vpc-0b02c59e1260c64de"
          },
          "sensitive_attributes": [],
          "private": "eyJlMmJmYjczMC1lY2FhLTExZTYtOGY4OC0zNDM2M2JjN2M0YzAiOnsiY3JlYXRlIjo2MDAwMDAwMDAwMDAsImRlbGV0ZSI6OTAwMDAwMDAwMDAwfSwic2NoZW1hX3ZlcnNpb24iOiIxIn0=",
          "dependencies": [
            "aws_vpc.madhu_vpc"
          ]
        }
      ]
    },
    {
      "mode": "managed",
      "type": "aws_subnet",
      "name": "madhu_subnet1",
      "provider": "provider[\"registry.terraform.io/hashicorp/aws\"]",
      "instances": [
        {
          "schema_version": 1,
          "attributes": {
            "arn": "arn:aws:ec2:us-east-1:744130429891:subnet/subnet-0de91634bc9a2a727",
            "assign_ipv6_address_on_creation": false,
            "availability_zone": "us-east-1a",
            "availability_zone_id": "use1-az1",
            "cidr_block": "192.168.1.0/26",
            "customer_owned_ipv4_pool": "",
            "enable_dns64": false,
            "enable_lni_at_device_index": 0,
            "enable_resource_name_dns_a_record_on_launch": false,
            "enable_resource_name_dns_aaaa_record_on_launch": false,
            "id": "subnet-0de91634bc9a2a727",
            "ipv6_cidr_block": "",
            "ipv6_cidr_block_association_id": "",
            "ipv6_native": false,
            "map_customer_owned_ip_on_launch": false,
            "map_public_ip_on_launch": true,
            "outpost_arn": "",
            "owner_id": "744130429891",
            "private_dns_hostname_type_on_launch": "ip-name",
            "tags": {
              "Name": "Terr-subnet1"
            },
            "tags_all": {
              "Name": "Terr-subnet1"
            },
            "timeouts": null,
            "vpc_id": "vpc-0b02c59e1260c64de"
          },
          "sensitive_attributes": [],
          "private": "eyJlMmJmYjczMC1lY2FhLTExZTYtOGY4OC0zNDM2M2JjN2M0YzAiOnsiY3JlYXRlIjo2MDAwMDAwMDAwMDAsImRlbGV0ZSI6MTIwMDAwMDAwMDAwMH0sInNjaGVtYV92ZXJzaW9uIjoiMSJ9",
          "dependencies": [
            "aws_vpc.madhu_vpc"
          ]
        }
      ]
    },
    {
      "mode": "managed",
      "type": "aws_subnet",
      "name": "madhu_subnet2",
      "provider": "provider[\"registry.terraform.io/hashicorp/aws\"]",
      "instances": [
        {
          "schema_version": 1,
          "attributes": {
            "arn": "arn:aws:ec2:us-east-1:744130429891:subnet/subnet-0925459fae4b77649",
            "assign_ipv6_address_on_creation": false,
            "availability_zone": "us-east-1b",
            "availability_zone_id": "use1-az2",
            "cidr_block": "192.168.1.64/26",
            "customer_owned_ipv4_pool": "",
            "enable_dns64": false,
            "enable_lni_at_device_index": 0,
            "enable_resource_name_dns_a_record_on_launch": false,
            "enable_resource_name_dns_aaaa_record_on_launch": false,
            "id": "subnet-0925459fae4b77649",
            "ipv6_cidr_block": "",
            "ipv6_cidr_block_association_id": "",
            "ipv6_native": false,
            "map_customer_owned_ip_on_launch": false,
            "map_public_ip_on_launch": true,
            "outpost_arn": "",
            "owner_id": "744130429891",
            "private_dns_hostname_type_on_launch": "ip-name",
            "tags": {
              "Name": "Terr-subnet2"
            },
            "tags_all": {
              "Name": "Terr-subnet2"
            },
            "timeouts": null,
            "vpc_id": "vpc-0b02c59e1260c64de"
          },
          "sensitive_attributes": [],
          "private": "eyJlMmJmYjczMC1lY2FhLTExZTYtOGY4OC0zNDM2M2JjN2M0YzAiOnsiY3JlYXRlIjo2MDAwMDAwMDAwMDAsImRlbGV0ZSI6MTIwMDAwMDAwMDAwMH0sInNjaGVtYV92ZXJzaW9uIjoiMSJ9",
          "dependencies": [
            "aws_vpc.madhu_vpc"
          ]
        }
      ]
    },
    {
      "mode": "managed",
      "type": "aws_subnet",
      "name": "madhu_subnet3",
      "provider": "provider[\"registry.terraform.io/hashicorp/aws\"]",
      "instances": [
        {
          "schema_version": 1,
          "attributes": {
            "arn": "arn:aws:ec2:us-east-1:744130429891:subnet/subnet-0144b0bce950e2ea3",
            "assign_ipv6_address_on_creation": false,
            "availability_zone": "us-east-1e",
            "availability_zone_id": "use1-az3",
            "cidr_block": "192.168.1.128/26",
            "customer_owned_ipv4_pool": "",
            "enable_dns64": false,
            "enable_lni_at_device_index": 0,
            "enable_resource_name_dns_a_record_on_launch": false,
            "enable_resource_name_dns_aaaa_record_on_launch": false,
            "id": "subnet-0144b0bce950e2ea3",
            "ipv6_cidr_block": "",
            "ipv6_cidr_block_association_id": "",
            "ipv6_native": false,
            "map_customer_owned_ip_on_launch": false,
            "map_public_ip_on_launch": false,
            "outpost_arn": "",
            "owner_id": "744130429891",
            "private_dns_hostname_type_on_launch": "ip-name",
            "tags": {
              "Name": "Terr-subnet3"
            },
            "tags_all": {
              "Name": "Terr-subnet3"
            },
            "timeouts": null,
            "vpc_id": "vpc-0b02c59e1260c64de"
          },
          "sensitive_attributes": [],
          "private": "eyJlMmJmYjczMC1lY2FhLTExZTYtOGY4OC0zNDM2M2JjN2M0YzAiOnsiY3JlYXRlIjo2MDAwMDAwMDAwMDAsImRlbGV0ZSI6MTIwMDAwMDAwMDAwMH0sInNjaGVtYV92ZXJzaW9uIjoiMSJ9",
          "dependencies": [
            "aws_vpc.madhu_vpc"
          ]
        }
      ]
    },
    {
      "mode": "managed",
      "type": "aws_vpc",
      "name": "madhu_vpc",
      "provider": "provider[\"registry.terraform.io/hashicorp/aws\"]",
      "instances": [
        {
          "schema_version": 1,
          "attributes": {
            "arn": "arn:aws:ec2:us-east-1:744130429891:vpc/vpc-0b02c59e1260c64de",
            "assign_generated_ipv6_cidr_block": false,
            "cidr_block": "192.168.1.0/24",
            "default_network_acl_id": "acl-01b2200b443e3b2b3",
            "default_route_table_id": "rtb-04672fdefa8462cd0",
            "default_security_group_id": "sg-0f12d4a1c42555788",
            "dhcp_options_id": "dopt-0e680e679b2eba2fb",
            "enable_dns_hostnames": false,
            "enable_dns_support": true,
            "enable_network_address_usage_metrics": false,
            "id": "vpc-0b02c59e1260c64de",
            "instance_tenancy": "default",
            "ipv4_ipam_pool_id": null,
            "ipv4_netmask_length": null,
            "ipv6_association_id": "",
            "ipv6_cidr_block": "",
            "ipv6_cidr_block_network_border_group": "",
            "ipv6_ipam_pool_id": "",
            "ipv6_netmask_length": 0,
            "main_route_table_id": "rtb-04672fdefa8462cd0",
            "owner_id": "744130429891",
            "tags": {
              "Name": "Madhu-terr-vpc"
            },
            "tags_all": {
              "Name": "Madhu-terr-vpc"
            }
          },
          "sensitive_attributes": [],
          "private": "eyJzY2hlbWFfdmVyc2lvbiI6IjEifQ=="
        }
      ]
    },
    {
      "mode": "managed",
      "type": "local_file",
      "name": "terraform1_key",
      "provider": "provider[\"registry.terraform.io/hashicorp/local\"]",
      "instances": [
        {
          "schema_version": 0,
          "attributes": {
            "content": "-----BEGIN RSA PRIVATE KEY-----\nMIIJKAIBAAKCAgEAvvMcroNC+QvyN5efrip5qNvbmWuKskI5OP0r7WyOf9q0uGi0\nKaK1fiDZQ0M29noLrFMXizqPvEOLn9WJzktTlpBiNRwduPJCvO5OGN4U1AZWw0QC\nSJuD/J1+QVc0cAv4GHlUk5LJZeiooHyvj2ixfN22eftNxvs8VLR/anfSmRbXhGaG\nqOvdr+tHJGGWUhUn03lAiBwKmeQlxRUWfjtCq5C3rY5DC1tb6mIbqsTzbHcz5wfR\n76w+3znvZabkai+pUDojcx92F7ZYn9tVbS+yDQx8iHp93vvpQnOAzQoRwFa+tU29\n1GUbtYizzMVhVOk6OHSJ8aXV8GhIrKssNkocT+dievZ7nHIawULtwSjdvO7Ssar6\nZarUJ0j3Nv5CQtUr/33YIKlwJ9WS0difIqVrIS3MEZem+baWwnOdshksf0tcNL7p\n7a2SfW+V2x5wC5xzUdQKH4pE+YdXBMCS0sKOMW2SYE+fKpnK3J5jy2ZFX518nFf2\nXb/CD9bK0VN9Xlk9JnAeIWOUh56/k8KTchOARTV/i0FdxRPOmKLHO8GgfWJEvJub\nHZ4Gvdj/7Lfv8ocThb4m0ENTns5ncO6bQXEpbzDgm2kzHo2hcAA/o5o3BNCZTWyZ\naCSmqA9gGyq+jx6669jVh5DQHrEr0wA9AVh2F5su3gPe0rKOt3BAyYvvgEkCAwEA\nAQKCAgEAoZkPMeVmPWxNvZx1B6lssmn2S72GcFu5H7Cqh1Dyu+M0REhgCEhp/mcA\nV3s/vZIF5P2hFDQoRnSHamoGKO74u5hPdJDp2oYz0r5+m27/A3yl2rToldf++D+1\nBMkvWI/Yk6XC3O1BwhwG8WL0FJLOelUMQ+lYpkgig7EJj+n98Y8yLxuxZK3QPDwK\nRhDMbYT34nFgGpBYrGo3SLYTBhtSze04dQnLVYYooJAMyBXLyISNCT1F/uavgqz+\nG/IEppTVXk8Fhz0d7O1lzUuK3U+bCI4DqmC3u4lHm/QyEdQut67x0HANcf1rWNNr\nDqYQPBLxMav2venRx5YJww9N6FgJ4mM0ndGsvOjzdT0gE/Yqd4zwmSnA3bdX5xUD\nSdm97mPwSzvZ3UP0UN+k9xm5abjI7+Lj7BMC2RETxlKF61Zj3R0iyvTF/W5CmGvh\neDOc6ltlp6+Mg1lDgVzu11MyN0gfSUpsrm2Zekcxe62JbhkA3+Ll4O+iF3GHj+Xc\n9IJc+mMjk1w0H0paR7omFKG/7vkIDb3Kn4b+pSN3RpHHQJuauOauQBsujzivIdZ6\n+KLhrId1WgrpMRnfHBh9xTnKhdQ/havyGd/QXkqnniFMBuzNT5GOu2hX/1VHj+yy\nTwyHaYJON4My9dCRvzRPmtLDycxpJdsBnoIvM7D5G3C4BO1wqg0CggEBAOBhYjKd\nNFaDMTvdqTzeb4HaellPMpt2KpSXcIKAoIybDPQU7iAFmahbUDDkXiLy4uFFGn/p\n5jECVY+gEzinQ7LmTh/paZEHz22e0gsvViDb7K8pIcz4uqn25vq5Na7Ld3SHSt2l\nZKBIeu2ycQG6saowHIEUh6Aa9pX2udfqBCJLoy5o6vWZ6JhHyJDqoJKzp4+ZboGc\nKLLyrSq60EOdDDqhXTtXrjMI4Kjz1sw0bPqv+8qAiQr2eyOHwUke7mvoSbMx473B\n9XinAVlJHX2jiTuAvr19Er/lUo49Kh+lOxVpa4kS71HWjT0GlVxgxPO5M4+d/lcC\nOZP70ydBQh5ux68CggEBANnbs0dSMETDJc8DWWA2uD/SpgUlJNCmoapEx16XQbST\nJfcpweteIqZS89lKXBL6srd24mHnYiCZNJK8KCyFfloudXN1NYAiY8HrDYBTWhFO\nS8jWI+FCZI3wQP2KXCfsib/a4y3W3F8aC2ZY7WoP7PznuJ6GQ/EfNyNLGdgv6cMU\nngrjw6Fum8YaYLclruwrWWo+eA7yZxb27j9RYZG1AodbjtsK1McA+PsEt+xI8vn/\nh0YAZ3OEfPzOuFu22AEUjM5vXjHnulLhMwI25dsM+aftMp5/N4wYYDBF7NDuDSeQ\n9WQnmYuQpmUSTn2Bdg5wROU+iDV1s3zxR9sJVZlovYcCggEAN6Kt8JLeOV1KRefO\nYNNenroHgEGM8NM596IdOZ6fMH35lkPiT3pUAVSy64yUcuH6s5So33Klqx1DDdvJ\nKFEBDkjgsjT0AgwHuMyalD9mgbtGUqBGS0aZMi+QUja+QtscgX5SZ+bsrnmKUYnf\nT2h1SReo2bC3eFF3NvP4XLsfz0kl6woEyGUjMS8LYjNrITT+pTKMHgMUbFqT6XZs\n0XcNYzRDo8U34lufKQVdC0EsjHQ6YJnCYT+AhOzSVkkfIQ51x8LlD1YagZIXWYYx\nk8eK7YAcy2tJzN8Vu0MbQMF9hu+exFw3jvk+CBWrzz4HV89iI4gvWm+oyzKzxpX9\nyQH67QKCAQA49BupQI5H27CNrvV1lriSTtKCM9StC3LmHXb1fpt5xqI9PFhq3MA4\nNSV0n+D0QT/pgJXsPF5F4WeCGNhz0y5WCyE/XtvutI7ZykZMTv4T2iErzvewUvgQ\nt0d2QO6YrVjRpDqR6ELSRe/HAOaIPMOa1kVIhBdM+PkkK+UExHnbOw+aDzM8h7sH\njivMlXhmW2rTwKMIXUygD0v3l6HnQqf3lPMCxpEbuWBd1zzx85w5yRinL0HcTD2U\npcJCj8lmduXcrfa1Gzx1oFQCdzGeE4VM5lC+aMmvwUucMxuW/zTHLDlKxqN4fgdS\nEvgcDXU8jxMjzzYyq6ORvU4osAcFxQEPAoIBACF8FEoVj2RsFYyuwWDmNF2S5Otw\nVrUEpuIHPvamQ5U0stJZEbmp/Ll87JbqXfNapv1QLRZ5zNaivYdpeYIyDRRONOnK\nSa0Mh/In5CzejjUKmP3AvDXLnz19K6IxbT7wRgHWOMfc8ENf+fPCUzJYaE9CUctj\ndjFXMKE3/NpjMAbKzDreafgWZuucL3xcmQj0Uon8hkvrgHulF+joqMV7lXz04ttx\nRxmziD6KM+gcUdj6gIiZXlsHxe9lXdQYDz+nCM1eMDac6aCp2L2SaFBWe5mjCBTP\ngvcZgnSC7Lhr2MhRPDJQqs8ZzuiirOK75waxvtwz0GSzrgqzZXiPduNDg8E=\n-----END RSA PRIVATE KEY-----\n",
            "content_base64": null,
            "content_base64sha256": "a2o+iJj48PyGxF/apgRuZNnzE78tjqx4HhmdI+TSrFI=",
            "content_base64sha512": "BeOonwyCmKiy2rFGSpH+i8VIMU7f0PS61XAHruYnZ+UFIa2lVOAJo+Iltq6kgNQeDN8RxOEK1w5rAG3YnYux6w==",
            "content_md5": "3ef6904d4d37766ebfe4c10c84856834",
            "content_sha1": "0d2c87e3430e67eab454ad22ab958e1e2f0b7a2b",
            "content_sha256": "6b6a3e8898f8f0fc86c45fdaa6046e64d9f313bf2d8eac781e199d23e4d2ac52",
            "content_sha512": "05e3a89f0c8298a8b2dab1464a91fe8bc548314edfd0f4bad57007aee62767e50521ada554e009a3e225b6aea480d41e0cdf11c4e10ad70e6b006dd89d8bb1eb",
            "directory_permission": "0777",
            "file_permission": "0777",
            "filename": "terraform1_key",
            "id": "0d2c87e3430e67eab454ad22ab958e1e2f0b7a2b",
            "sensitive_content": null,
            "source": null
          },
          "sensitive_attributes": [
            [
              {
                "type": "get_attr",
                "value": "content"
              }
            ]
          ],
          "dependencies": [
            "tls_private_key.rsa"
          ]
        }
      ]
    },
    {
      "mode": "managed",
      "type": "tls_private_key",
      "name": "rsa",
      "provider": "provider[\"registry.terraform.io/hashicorp/tls\"]",
      "instances": [
        {
          "schema_version": 1,
          "attributes": {
            "algorithm": "RSA",
            "ecdsa_curve": "P224",
            "id": "dcfa86ec72a35817ce4b8039b32e6cd794b59867",
            "private_key_openssh": "-----BEGIN OPENSSH PRIVATE KEY-----\nb3BlbnNzaC1rZXktdjEAAAAABG5vbmUAAAAEbm9uZQAAAAAAAAABAAACFwAAAAdz\nc2gtcnNhAAAAAwEAAQAAAgEAvvMcroNC+QvyN5efrip5qNvbmWuKskI5OP0r7WyO\nf9q0uGi0KaK1fiDZQ0M29noLrFMXizqPvEOLn9WJzktTlpBiNRwduPJCvO5OGN4U\n1AZWw0QCSJuD/J1+QVc0cAv4GHlUk5LJZeiooHyvj2ixfN22eftNxvs8VLR/anfS\nmRbXhGaGqOvdr+tHJGGWUhUn03lAiBwKmeQlxRUWfjtCq5C3rY5DC1tb6mIbqsTz\nbHcz5wfR76w+3znvZabkai+pUDojcx92F7ZYn9tVbS+yDQx8iHp93vvpQnOAzQoR\nwFa+tU291GUbtYizzMVhVOk6OHSJ8aXV8GhIrKssNkocT+dievZ7nHIawULtwSjd\nvO7Ssar6ZarUJ0j3Nv5CQtUr/33YIKlwJ9WS0difIqVrIS3MEZem+baWwnOdshks\nf0tcNL7p7a2SfW+V2x5wC5xzUdQKH4pE+YdXBMCS0sKOMW2SYE+fKpnK3J5jy2ZF\nX518nFf2Xb/CD9bK0VN9Xlk9JnAeIWOUh56/k8KTchOARTV/i0FdxRPOmKLHO8Gg\nfWJEvJubHZ4Gvdj/7Lfv8ocThb4m0ENTns5ncO6bQXEpbzDgm2kzHo2hcAA/o5o3\nBNCZTWyZaCSmqA9gGyq+jx6669jVh5DQHrEr0wA9AVh2F5su3gPe0rKOt3BAyYvv\ngEkAAAc4GYFuLRmBbi0AAAAHc3NoLXJzYQAAAgEAvvMcroNC+QvyN5efrip5qNvb\nmWuKskI5OP0r7WyOf9q0uGi0KaK1fiDZQ0M29noLrFMXizqPvEOLn9WJzktTlpBi\nNRwduPJCvO5OGN4U1AZWw0QCSJuD/J1+QVc0cAv4GHlUk5LJZeiooHyvj2ixfN22\neftNxvs8VLR/anfSmRbXhGaGqOvdr+tHJGGWUhUn03lAiBwKmeQlxRUWfjtCq5C3\nrY5DC1tb6mIbqsTzbHcz5wfR76w+3znvZabkai+pUDojcx92F7ZYn9tVbS+yDQx8\niHp93vvpQnOAzQoRwFa+tU291GUbtYizzMVhVOk6OHSJ8aXV8GhIrKssNkocT+di\nevZ7nHIawULtwSjdvO7Ssar6ZarUJ0j3Nv5CQtUr/33YIKlwJ9WS0difIqVrIS3M\nEZem+baWwnOdshksf0tcNL7p7a2SfW+V2x5wC5xzUdQKH4pE+YdXBMCS0sKOMW2S\nYE+fKpnK3J5jy2ZFX518nFf2Xb/CD9bK0VN9Xlk9JnAeIWOUh56/k8KTchOARTV/\ni0FdxRPOmKLHO8GgfWJEvJubHZ4Gvdj/7Lfv8ocThb4m0ENTns5ncO6bQXEpbzDg\nm2kzHo2hcAA/o5o3BNCZTWyZaCSmqA9gGyq+jx6669jVh5DQHrEr0wA9AVh2F5su\n3gPe0rKOt3BAyYvvgEkAAAADAQABAAACAQChmQ8x5WY9bE29nHUHqWyyafZLvYZw\nW7kfsKqHUPK74zRESGAISGn+ZwBXez+9kgXk/aEUNChGdIdqagYo7vi7mE90kOna\nhjPSvn6bbv8DfKXatOiV1/74P7UEyS9Yj9iTpcLc7UHCHAbxYvQUks56VQxD6Vim\nSCKDsQmP6f3xjzIvG7FkrdA8PApGEMxthPficWAakFisajdIthMGG1LN7Th1CctV\nhiigkAzIFcvIhI0JPUX+5q+CrP4b8gSmlNVeTwWHPR3s7WXNS4rdT5sIjgOqYLe7\niUeb9DIR1C63rvHQcA1x/WtY02sOphA8EvExq/a96dHHlgnDD03oWAniYzSd0ay8\n6PN1PSAT9ip3jPCZKcDdt1fnFQNJ2b3uY/BLO9ndQ/RQ36T3GblpuMjv4uPsEwLZ\nERPGUoXrVmPdHSLK9MX9bkKYa+F4M5zqW2Wnr4yDWUOBXO7XUzI3SB9JSmyubZl6\nRzF7rYluGQDf4uXg76IXcYeP5dz0glz6YyOTXDQfSlpHuiYUob/u+QgNvcqfhv6l\nI3dGkcdAm5q45q5AGy6POK8h1nr4ouGsh3VaCukxGd8cGH3FOcqF1D+Fq/IZ39Be\nSqeeIUwG7M1PkY67aFf/VUeP7LJPDIdpgk43gzL10JG/NE+a0sPJzGkl2wGegi8z\nsPkbcLgE7XCqDQAAAQAhfBRKFY9kbBWMrsFg5jRdkuTrcFa1BKbiBz72pkOVNLLS\nWRG5qfy5fOyW6l3zWqb9UC0WeczWor2HaXmCMg0UTjTpykmtDIfyJ+Qs3o41Cpj9\nwLw1y589fSuiMW0+8EYB1jjH3PBDX/nzwlMyWGhPQlHLY3YxVzChN/zaYzAGysw6\n3mn4FmbrnC98XJkI9FKJ/IZL64B7pRfo6KjFe5V89OLbcUcZs4g+ijPoHFHY+oCI\nmV5bB8XvZV3UGA8/pwjNXjA2nOmgqdi9kmhQVnuZowgUz4L3GYJ0guy4a9jIUTwy\nUKrPGc7ooqziu+cGsb7cM9Bks64Ks2V4j3bjQ4PBAAABAQDgYWIynTRWgzE73ak8\n3m+B2npZTzKbdiqUl3CCgKCMmwz0FO4gBZmoW1Aw5F4i8uLhRRp/6eYxAlWPoBM4\np0Oy5k4f6WmRB89tntILL1Yg2+yvKSHM+Lqp9ub6uTWuy3d0h0rdpWSgSHrtsnEB\nurGqMByBFIegGvaV9rnX6gQiS6MuaOr1meiYR8iQ6qCSs6ePmW6BnCiy8q0qutBD\nnQw6oV07V64zCOCo89bMNGz6r/vKgIkK9nsjh8FJHu5r6EmzMeO9wfV4pwFZSR19\no4k7gL69fRK/5VKOPSofpTsVaWuJEu9R1o09BpVcYMTzuTOPnf5XAjmT+9MnQUIe\nbsevAAABAQDZ27NHUjBEwyXPA1lgNrg/0qYFJSTQpqGqRMdel0G0kyX3KcHrXiKm\nUvPZSlwS+rK3duJh52IgmTSSvCgshX5aLnVzdTWAImPB6w2AU1oRTkvI1iPhQmSN\n8ED9ilwn7Im/2uMt1txfGgtmWO1qD+z857iehkPxHzcjSxnYL+nDFJ4K48OhbpvG\nGmC3Ja7sK1lqPngO8mcW9u4/UWGRtQKHW47bCtTHAPj7BLfsSPL5/4dGAGdzhHz8\nzrhbttgBFIzOb14x57pS4TMCNuXbDPmn7TKefzeMGGAwRezQ7g0nkPVkJ5mLkKZl\nEk59gXYOcETlPog1dbN88UfbCVWZaL2HAAAAAAEC\n-----END OPENSSH PRIVATE KEY-----\n",
            "private_key_pem": "-----BEGIN RSA PRIVATE KEY-----\nMIIJKAIBAAKCAgEAvvMcroNC+QvyN5efrip5qNvbmWuKskI5OP0r7WyOf9q0uGi0\nKaK1fiDZQ0M29noLrFMXizqPvEOLn9WJzktTlpBiNRwduPJCvO5OGN4U1AZWw0QC\nSJuD/J1+QVc0cAv4GHlUk5LJZeiooHyvj2ixfN22eftNxvs8VLR/anfSmRbXhGaG\nqOvdr+tHJGGWUhUn03lAiBwKmeQlxRUWfjtCq5C3rY5DC1tb6mIbqsTzbHcz5wfR\n76w+3znvZabkai+pUDojcx92F7ZYn9tVbS+yDQx8iHp93vvpQnOAzQoRwFa+tU29\n1GUbtYizzMVhVOk6OHSJ8aXV8GhIrKssNkocT+dievZ7nHIawULtwSjdvO7Ssar6\nZarUJ0j3Nv5CQtUr/33YIKlwJ9WS0difIqVrIS3MEZem+baWwnOdshksf0tcNL7p\n7a2SfW+V2x5wC5xzUdQKH4pE+YdXBMCS0sKOMW2SYE+fKpnK3J5jy2ZFX518nFf2\nXb/CD9bK0VN9Xlk9JnAeIWOUh56/k8KTchOARTV/i0FdxRPOmKLHO8GgfWJEvJub\nHZ4Gvdj/7Lfv8ocThb4m0ENTns5ncO6bQXEpbzDgm2kzHo2hcAA/o5o3BNCZTWyZ\naCSmqA9gGyq+jx6669jVh5DQHrEr0wA9AVh2F5su3gPe0rKOt3BAyYvvgEkCAwEA\nAQKCAgEAoZkPMeVmPWxNvZx1B6lssmn2S72GcFu5H7Cqh1Dyu+M0REhgCEhp/mcA\nV3s/vZIF5P2hFDQoRnSHamoGKO74u5hPdJDp2oYz0r5+m27/A3yl2rToldf++D+1\nBMkvWI/Yk6XC3O1BwhwG8WL0FJLOelUMQ+lYpkgig7EJj+n98Y8yLxuxZK3QPDwK\nRhDMbYT34nFgGpBYrGo3SLYTBhtSze04dQnLVYYooJAMyBXLyISNCT1F/uavgqz+\nG/IEppTVXk8Fhz0d7O1lzUuK3U+bCI4DqmC3u4lHm/QyEdQut67x0HANcf1rWNNr\nDqYQPBLxMav2venRx5YJww9N6FgJ4mM0ndGsvOjzdT0gE/Yqd4zwmSnA3bdX5xUD\nSdm97mPwSzvZ3UP0UN+k9xm5abjI7+Lj7BMC2RETxlKF61Zj3R0iyvTF/W5CmGvh\neDOc6ltlp6+Mg1lDgVzu11MyN0gfSUpsrm2Zekcxe62JbhkA3+Ll4O+iF3GHj+Xc\n9IJc+mMjk1w0H0paR7omFKG/7vkIDb3Kn4b+pSN3RpHHQJuauOauQBsujzivIdZ6\n+KLhrId1WgrpMRnfHBh9xTnKhdQ/havyGd/QXkqnniFMBuzNT5GOu2hX/1VHj+yy\nTwyHaYJON4My9dCRvzRPmtLDycxpJdsBnoIvM7D5G3C4BO1wqg0CggEBAOBhYjKd\nNFaDMTvdqTzeb4HaellPMpt2KpSXcIKAoIybDPQU7iAFmahbUDDkXiLy4uFFGn/p\n5jECVY+gEzinQ7LmTh/paZEHz22e0gsvViDb7K8pIcz4uqn25vq5Na7Ld3SHSt2l\nZKBIeu2ycQG6saowHIEUh6Aa9pX2udfqBCJLoy5o6vWZ6JhHyJDqoJKzp4+ZboGc\nKLLyrSq60EOdDDqhXTtXrjMI4Kjz1sw0bPqv+8qAiQr2eyOHwUke7mvoSbMx473B\n9XinAVlJHX2jiTuAvr19Er/lUo49Kh+lOxVpa4kS71HWjT0GlVxgxPO5M4+d/lcC\nOZP70ydBQh5ux68CggEBANnbs0dSMETDJc8DWWA2uD/SpgUlJNCmoapEx16XQbST\nJfcpweteIqZS89lKXBL6srd24mHnYiCZNJK8KCyFfloudXN1NYAiY8HrDYBTWhFO\nS8jWI+FCZI3wQP2KXCfsib/a4y3W3F8aC2ZY7WoP7PznuJ6GQ/EfNyNLGdgv6cMU\nngrjw6Fum8YaYLclruwrWWo+eA7yZxb27j9RYZG1AodbjtsK1McA+PsEt+xI8vn/\nh0YAZ3OEfPzOuFu22AEUjM5vXjHnulLhMwI25dsM+aftMp5/N4wYYDBF7NDuDSeQ\n9WQnmYuQpmUSTn2Bdg5wROU+iDV1s3zxR9sJVZlovYcCggEAN6Kt8JLeOV1KRefO\nYNNenroHgEGM8NM596IdOZ6fMH35lkPiT3pUAVSy64yUcuH6s5So33Klqx1DDdvJ\nKFEBDkjgsjT0AgwHuMyalD9mgbtGUqBGS0aZMi+QUja+QtscgX5SZ+bsrnmKUYnf\nT2h1SReo2bC3eFF3NvP4XLsfz0kl6woEyGUjMS8LYjNrITT+pTKMHgMUbFqT6XZs\n0XcNYzRDo8U34lufKQVdC0EsjHQ6YJnCYT+AhOzSVkkfIQ51x8LlD1YagZIXWYYx\nk8eK7YAcy2tJzN8Vu0MbQMF9hu+exFw3jvk+CBWrzz4HV89iI4gvWm+oyzKzxpX9\nyQH67QKCAQA49BupQI5H27CNrvV1lriSTtKCM9StC3LmHXb1fpt5xqI9PFhq3MA4\nNSV0n+D0QT/pgJXsPF5F4WeCGNhz0y5WCyE/XtvutI7ZykZMTv4T2iErzvewUvgQ\nt0d2QO6YrVjRpDqR6ELSRe/HAOaIPMOa1kVIhBdM+PkkK+UExHnbOw+aDzM8h7sH\njivMlXhmW2rTwKMIXUygD0v3l6HnQqf3lPMCxpEbuWBd1zzx85w5yRinL0HcTD2U\npcJCj8lmduXcrfa1Gzx1oFQCdzGeE4VM5lC+aMmvwUucMxuW/zTHLDlKxqN4fgdS\nEvgcDXU8jxMjzzYyq6ORvU4osAcFxQEPAoIBACF8FEoVj2RsFYyuwWDmNF2S5Otw\nVrUEpuIHPvamQ5U0stJZEbmp/Ll87JbqXfNapv1QLRZ5zNaivYdpeYIyDRRONOnK\nSa0Mh/In5CzejjUKmP3AvDXLnz19K6IxbT7wRgHWOMfc8ENf+fPCUzJYaE9CUctj\ndjFXMKE3/NpjMAbKzDreafgWZuucL3xcmQj0Uon8hkvrgHulF+joqMV7lXz04ttx\nRxmziD6KM+gcUdj6gIiZXlsHxe9lXdQYDz+nCM1eMDac6aCp2L2SaFBWe5mjCBTP\ngvcZgnSC7Lhr2MhRPDJQqs8ZzuiirOK75waxvtwz0GSzrgqzZXiPduNDg8E=\n-----END RSA PRIVATE KEY-----\n",
            "private_key_pem_pkcs8": "-----BEGIN PRIVATE KEY-----\nMIIJQgIBADANBgkqhkiG9w0BAQEFAASCCSwwggkoAgEAAoICAQC+8xyug0L5C/I3\nl5+uKnmo29uZa4qyQjk4/SvtbI5/2rS4aLQporV+INlDQzb2egusUxeLOo+8Q4uf\n1YnOS1OWkGI1HB248kK87k4Y3hTUBlbDRAJIm4P8nX5BVzRwC/gYeVSTksll6Kig\nfK+PaLF83bZ5+03G+zxUtH9qd9KZFteEZoao692v60ckYZZSFSfTeUCIHAqZ5CXF\nFRZ+O0KrkLetjkMLW1vqYhuqxPNsdzPnB9HvrD7fOe9lpuRqL6lQOiNzH3YXtlif\n21VtL7INDHyIen3e++lCc4DNChHAVr61Tb3UZRu1iLPMxWFU6To4dInxpdXwaEis\nqyw2ShxP52J69nucchrBQu3BKN287tKxqvplqtQnSPc2/kJC1Sv/fdggqXAn1ZLR\n2J8ipWshLcwRl6b5tpbCc52yGSx/S1w0vuntrZJ9b5XbHnALnHNR1AofikT5h1cE\nwJLSwo4xbZJgT58qmcrcnmPLZkVfnXycV/Zdv8IP1srRU31eWT0mcB4hY5SHnr+T\nwpNyE4BFNX+LQV3FE86Yosc7waB9YkS8m5sdnga92P/st+/yhxOFvibQQ1Oezmdw\n7ptBcSlvMOCbaTMejaFwAD+jmjcE0JlNbJloJKaoD2AbKr6PHrrr2NWHkNAesSvT\nAD0BWHYXmy7eA97Sso63cEDJi++ASQIDAQABAoICAQChmQ8x5WY9bE29nHUHqWyy\nafZLvYZwW7kfsKqHUPK74zRESGAISGn+ZwBXez+9kgXk/aEUNChGdIdqagYo7vi7\nmE90kOnahjPSvn6bbv8DfKXatOiV1/74P7UEyS9Yj9iTpcLc7UHCHAbxYvQUks56\nVQxD6VimSCKDsQmP6f3xjzIvG7FkrdA8PApGEMxthPficWAakFisajdIthMGG1LN\n7Th1CctVhiigkAzIFcvIhI0JPUX+5q+CrP4b8gSmlNVeTwWHPR3s7WXNS4rdT5sI\njgOqYLe7iUeb9DIR1C63rvHQcA1x/WtY02sOphA8EvExq/a96dHHlgnDD03oWAni\nYzSd0ay86PN1PSAT9ip3jPCZKcDdt1fnFQNJ2b3uY/BLO9ndQ/RQ36T3GblpuMjv\n4uPsEwLZERPGUoXrVmPdHSLK9MX9bkKYa+F4M5zqW2Wnr4yDWUOBXO7XUzI3SB9J\nSmyubZl6RzF7rYluGQDf4uXg76IXcYeP5dz0glz6YyOTXDQfSlpHuiYUob/u+QgN\nvcqfhv6lI3dGkcdAm5q45q5AGy6POK8h1nr4ouGsh3VaCukxGd8cGH3FOcqF1D+F\nq/IZ39BeSqeeIUwG7M1PkY67aFf/VUeP7LJPDIdpgk43gzL10JG/NE+a0sPJzGkl\n2wGegi8zsPkbcLgE7XCqDQKCAQEA4GFiMp00VoMxO92pPN5vgdp6WU8ym3YqlJdw\ngoCgjJsM9BTuIAWZqFtQMOReIvLi4UUaf+nmMQJVj6ATOKdDsuZOH+lpkQfPbZ7S\nCy9WINvsrykhzPi6qfbm+rk1rst3dIdK3aVkoEh67bJxAbqxqjAcgRSHoBr2lfa5\n1+oEIkujLmjq9ZnomEfIkOqgkrOnj5lugZwosvKtKrrQQ50MOqFdO1euMwjgqPPW\nzDRs+q/7yoCJCvZ7I4fBSR7ua+hJszHjvcH1eKcBWUkdfaOJO4C+vX0Sv+VSjj0q\nH6U7FWlriRLvUdaNPQaVXGDE87kzj53+VwI5k/vTJ0FCHm7HrwKCAQEA2duzR1Iw\nRMMlzwNZYDa4P9KmBSUk0KahqkTHXpdBtJMl9ynB614iplLz2UpcEvqyt3biYedi\nIJk0krwoLIV+Wi51c3U1gCJjwesNgFNaEU5LyNYj4UJkjfBA/YpcJ+yJv9rjLdbc\nXxoLZljtag/s/Oe4noZD8R83I0sZ2C/pwxSeCuPDoW6bxhpgtyWu7CtZaj54DvJn\nFvbuP1FhkbUCh1uO2wrUxwD4+wS37Ejy+f+HRgBnc4R8/M64W7bYARSMzm9eMee6\nUuEzAjbl2wz5p+0ynn83jBhgMEXs0O4NJ5D1ZCeZi5CmZRJOfYF2DnBE5T6INXWz\nfPFH2wlVmWi9hwKCAQA3oq3wkt45XUpF585g016eugeAQYzw0zn3oh05np8wffmW\nQ+JPelQBVLLrjJRy4fqzlKjfcqWrHUMN28koUQEOSOCyNPQCDAe4zJqUP2aBu0ZS\noEZLRpkyL5BSNr5C2xyBflJn5uyueYpRid9PaHVJF6jZsLd4UXc28/hcux/PSSXr\nCgTIZSMxLwtiM2shNP6lMoweAxRsWpPpdmzRdw1jNEOjxTfiW58pBV0LQSyMdDpg\nmcJhP4CE7NJWSR8hDnXHwuUPVhqBkhdZhjGTx4rtgBzLa0nM3xW7QxtAwX2G757E\nXDeO+T4IFavPPgdXz2IjiC9ab6jLMrPGlf3JAfrtAoIBADj0G6lAjkfbsI2u9XWW\nuJJO0oIz1K0LcuYddvV+m3nGoj08WGrcwDg1JXSf4PRBP+mAlew8XkXhZ4IY2HPT\nLlYLIT9e2+60jtnKRkxO/hPaISvO97BS+BC3R3ZA7pitWNGkOpHoQtJF78cA5og8\nw5rWRUiEF0z4+SQr5QTEeds7D5oPMzyHuweOK8yVeGZbatPAowhdTKAPS/eXoedC\np/eU8wLGkRu5YF3XPPHznDnJGKcvQdxMPZSlwkKPyWZ25dyt9rUbPHWgVAJ3MZ4T\nhUzmUL5oya/BS5wzG5b/NMcsOUrGo3h+B1IS+BwNdTyPEyPPNjKro5G9TiiwBwXF\nAQ8CggEAIXwUShWPZGwVjK7BYOY0XZLk63BWtQSm4gc+9qZDlTSy0lkRuan8uXzs\nlupd81qm/VAtFnnM1qK9h2l5gjINFE406cpJrQyH8ifkLN6ONQqY/cC8NcufPX0r\nojFtPvBGAdY4x9zwQ1/588JTMlhoT0JRy2N2MVcwoTf82mMwBsrMOt5p+BZm65wv\nfFyZCPRSifyGS+uAe6UX6OioxXuVfPTi23FHGbOIPooz6BxR2PqAiJleWwfF72Vd\n1BgPP6cIzV4wNpzpoKnYvZJoUFZ7maMIFM+C9xmCdILsuGvYyFE8MlCqzxnO6KKs\n4rvnBrG+3DPQZLOuCrNleI9240ODwQ==\n-----END PRIVATE KEY-----\n",
            "public_key_fingerprint_md5": "44:58:a4:2e:eb:6e:f1:14:1b:0f:4e:d8:00:42:b9:ef",
            "public_key_fingerprint_sha256": "SHA256:3WLKcJbR4JPdH9P8OKkhORJdvHJCNT/Qw4eE/CDVJmw",
            "public_key_openssh": "ssh-rsa AAAAB3NzaC1yc2EAAAADAQABAAACAQC+8xyug0L5C/I3l5+uKnmo29uZa4qyQjk4/SvtbI5/2rS4aLQporV+INlDQzb2egusUxeLOo+8Q4uf1YnOS1OWkGI1HB248kK87k4Y3hTUBlbDRAJIm4P8nX5BVzRwC/gYeVSTksll6KigfK+PaLF83bZ5+03G+zxUtH9qd9KZFteEZoao692v60ckYZZSFSfTeUCIHAqZ5CXFFRZ+O0KrkLetjkMLW1vqYhuqxPNsdzPnB9HvrD7fOe9lpuRqL6lQOiNzH3YXtlif21VtL7INDHyIen3e++lCc4DNChHAVr61Tb3UZRu1iLPMxWFU6To4dInxpdXwaEisqyw2ShxP52J69nucchrBQu3BKN287tKxqvplqtQnSPc2/kJC1Sv/fdggqXAn1ZLR2J8ipWshLcwRl6b5tpbCc52yGSx/S1w0vuntrZJ9b5XbHnALnHNR1AofikT5h1cEwJLSwo4xbZJgT58qmcrcnmPLZkVfnXycV/Zdv8IP1srRU31eWT0mcB4hY5SHnr+TwpNyE4BFNX+LQV3FE86Yosc7waB9YkS8m5sdnga92P/st+/yhxOFvibQQ1Oezmdw7ptBcSlvMOCbaTMejaFwAD+jmjcE0JlNbJloJKaoD2AbKr6PHrrr2NWHkNAesSvTAD0BWHYXmy7eA97Sso63cEDJi++ASQ==\n",
            "public_key_pem": "-----BEGIN PUBLIC KEY-----\nMIICIjANBgkqhkiG9w0BAQEFAAOCAg8AMIICCgKCAgEAvvMcroNC+QvyN5efrip5\nqNvbmWuKskI5OP0r7WyOf9q0uGi0KaK1fiDZQ0M29noLrFMXizqPvEOLn9WJzktT\nlpBiNRwduPJCvO5OGN4U1AZWw0QCSJuD/J1+QVc0cAv4GHlUk5LJZeiooHyvj2ix\nfN22eftNxvs8VLR/anfSmRbXhGaGqOvdr+tHJGGWUhUn03lAiBwKmeQlxRUWfjtC\nq5C3rY5DC1tb6mIbqsTzbHcz5wfR76w+3znvZabkai+pUDojcx92F7ZYn9tVbS+y\nDQx8iHp93vvpQnOAzQoRwFa+tU291GUbtYizzMVhVOk6OHSJ8aXV8GhIrKssNkoc\nT+dievZ7nHIawULtwSjdvO7Ssar6ZarUJ0j3Nv5CQtUr/33YIKlwJ9WS0difIqVr\nIS3MEZem+baWwnOdshksf0tcNL7p7a2SfW+V2x5wC5xzUdQKH4pE+YdXBMCS0sKO\nMW2SYE+fKpnK3J5jy2ZFX518nFf2Xb/CD9bK0VN9Xlk9JnAeIWOUh56/k8KTchOA\nRTV/i0FdxRPOmKLHO8GgfWJEvJubHZ4Gvdj/7Lfv8ocThb4m0ENTns5ncO6bQXEp\nbzDgm2kzHo2hcAA/o5o3BNCZTWyZaCSmqA9gGyq+jx6669jVh5DQHrEr0wA9AVh2\nF5su3gPe0rKOt3BAyYvvgEkCAwEAAQ==\n-----END PUBLIC KEY-----\n",
            "rsa_bits": 4096
          },
          "sensitive_attributes": []
        }
      ]
    }
  ],
  "check_results": null
}
